// !$*UTF8*$!
{
	archiveVersion = 1;
	classes = {
	};
	objectVersion = 50;
	objects = {

/* Begin PBXBuildFile section */
		F0599B0B21212D840032D1D7 /* AppDelegate.swift in Sources */ = {isa = PBXBuildFile; fileRef = F0599B0A21212D840032D1D7 /* AppDelegate.swift */; };
		F0599B0D21212D840032D1D7 /* ViewController.swift in Sources */ = {isa = PBXBuildFile; fileRef = F0599B0C21212D840032D1D7 /* ViewController.swift */; };
		F0599B1021212D840032D1D7 /* Main.storyboard in Resources */ = {isa = PBXBuildFile; fileRef = F0599B0E21212D840032D1D7 /* Main.storyboard */; };
		F0599B1221212D860032D1D7 /* Assets.xcassets in Resources */ = {isa = PBXBuildFile; fileRef = F0599B1121212D860032D1D7 /* Assets.xcassets */; };
		F0599B1521212D860032D1D7 /* LaunchScreen.storyboard in Resources */ = {isa = PBXBuildFile; fileRef = F0599B1321212D860032D1D7 /* LaunchScreen.storyboard */; };
		F0599B2021212D860032D1D7 /* Create_a_SetTests.swift in Sources */ = {isa = PBXBuildFile; fileRef = F0599B1F21212D860032D1D7 /* Create_a_SetTests.swift */; };
		F0599B2B21212D860032D1D7 /* Create_a_SetUITests.swift in Sources */ = {isa = PBXBuildFile; fileRef = F0599B2A21212D860032D1D7 /* Create_a_SetUITests.swift */; };
/* End PBXBuildFile section */

/* Begin PBXContainerItemProxy section */
		F0599B1C21212D860032D1D7 /* PBXContainerItemProxy */ = {
			isa = PBXContainerItemProxy;
			containerPortal = F0599AFF21212D840032D1D7 /* Project object */;
			proxyType = 1;
			remoteGlobalIDString = F0599B0621212D840032D1D7;
			remoteInfo = "Create a Set";
		};
		F0599B2721212D860032D1D7 /* PBXContainerItemProxy */ = {
			isa = PBXContainerItemProxy;
			containerPortal = F0599AFF21212D840032D1D7 /* Project object */;
			proxyType = 1;
			remoteGlobalIDString = F0599B0621212D840032D1D7;
			remoteInfo = "Create a Set";
		};
/* End PBXContainerItemProxy section */

/* Begin PBXFileReference section */
		F0599B0721212D840032D1D7 /* Create a Set.app */ = {isa = PBXFileReference; explicitFileType = wrapper.application; includeInIndex = 0; path = "Create a Set.app"; sourceTree = BUILT_PRODUCTS_DIR; };
		F0599B0A21212D840032D1D7 /* AppDelegate.swift */ = {isa = PBXFileReference; lastKnownFileType = sourcecode.swift; path = AppDelegate.swift; sourceTree = "<group>"; };
		F0599B0C21212D840032D1D7 /* ViewController.swift */ = {isa = PBXFileReference; lastKnownFileType = sourcecode.swift; path = ViewController.swift; sourceTree = "<group>"; };
		F0599B0F21212D840032D1D7 /* Base */ = {isa = PBXFileReference; lastKnownFileType = file.storyboard; name = Base; path = Base.lproj/Main.storyboard; sourceTree = "<group>"; };
		F0599B1121212D860032D1D7 /* Assets.xcassets */ = {isa = PBXFileReference; lastKnownFileType = folder.assetcatalog; path = Assets.xcassets; sourceTree = "<group>"; };
		F0599B1421212D860032D1D7 /* Base */ = {isa = PBXFileReference; lastKnownFileType = file.storyboard; name = Base; path = Base.lproj/LaunchScreen.storyboard; sourceTree = "<group>"; };
		F0599B1621212D860032D1D7 /* Info.plist */ = {isa = PBXFileReference; lastKnownFileType = text.plist.xml; path = Info.plist; sourceTree = "<group>"; };
		F0599B1B21212D860032D1D7 /* Create a SetTests.xctest */ = {isa = PBXFileReference; explicitFileType = wrapper.cfbundle; includeInIndex = 0; path = "Create a SetTests.xctest"; sourceTree = BUILT_PRODUCTS_DIR; };
		F0599B1F21212D860032D1D7 /* Create_a_SetTests.swift */ = {isa = PBXFileReference; lastKnownFileType = sourcecode.swift; path = Create_a_SetTests.swift; sourceTree = "<group>"; };
		F0599B2121212D860032D1D7 /* Info.plist */ = {isa = PBXFileReference; lastKnownFileType = text.plist.xml; path = Info.plist; sourceTree = "<group>"; };
		F0599B2621212D860032D1D7 /* Create a SetUITests.xctest */ = {isa = PBXFileReference; explicitFileType = wrapper.cfbundle; includeInIndex = 0; path = "Create a SetUITests.xctest"; sourceTree = BUILT_PRODUCTS_DIR; };
		F0599B2A21212D860032D1D7 /* Create_a_SetUITests.swift */ = {isa = PBXFileReference; lastKnownFileType = sourcecode.swift; path = Create_a_SetUITests.swift; sourceTree = "<group>"; };
		F0599B2C21212D860032D1D7 /* Info.plist */ = {isa = PBXFileReference; lastKnownFileType = text.plist.xml; path = Info.plist; sourceTree = "<group>"; };
/* End PBXFileReference section */

/* Begin PBXFrameworksBuildPhase section */
		F0599B0421212D840032D1D7 /* Frameworks */ = {
			isa = PBXFrameworksBuildPhase;
			buildActionMask = 2147483647;
			files = (
			);
			runOnlyForDeploymentPostprocessing = 0;
		};
		F0599B1821212D860032D1D7 /* Frameworks */ = {
			isa = PBXFrameworksBuildPhase;
			buildActionMask = 2147483647;
			files = (
			);
			runOnlyForDeploymentPostprocessing = 0;
		};
		F0599B2321212D860032D1D7 /* Frameworks */ = {
			isa = PBXFrameworksBuildPhase;
			buildActionMask = 2147483647;
			files = (
			);
			runOnlyForDeploymentPostprocessing = 0;
		};
/* End PBXFrameworksBuildPhase section */

/* Begin PBXGroup section */
		F0599AFE21212D840032D1D7 = {
			isa = PBXGroup;
			children = (
				F0599B0921212D840032D1D7 /* Create a Set */,
				F0599B1E21212D860032D1D7 /* Create a SetTests */,
				F0599B2921212D860032D1D7 /* Create a SetUITests */,
				F0599B0821212D840032D1D7 /* Products */,
			);
			sourceTree = "<group>";
		};
		F0599B0821212D840032D1D7 /* Products */ = {
			isa = PBXGroup;
			children = (
				F0599B0721212D840032D1D7 /* Create a Set.app */,
				F0599B1B21212D860032D1D7 /* Create a SetTests.xctest */,
				F0599B2621212D860032D1D7 /* Create a SetUITests.xctest */,
			);
			name = Products;
			sourceTree = "<group>";
		};
		F0599B0921212D840032D1D7 /* Create a Set */ = {
			isa = PBXGroup;
			children = (
				F0599B0A21212D840032D1D7 /* AppDelegate.swift */,
				F0599B0C21212D840032D1D7 /* ViewController.swift */,
				F0599B0E21212D840032D1D7 /* Main.storyboard */,
				F0599B1121212D860032D1D7 /* Assets.xcassets */,
				F0599B1321212D860032D1D7 /* LaunchScreen.storyboard */,
				F0599B1621212D860032D1D7 /* Info.plist */,
			);
			path = "Create a Set";
			sourceTree = "<group>";
		};
		F0599B1E21212D860032D1D7 /* Create a SetTests */ = {
			isa = PBXGroup;
			children = (
				F0599B1F21212D860032D1D7 /* Create_a_SetTests.swift */,
				F0599B2121212D860032D1D7 /* Info.plist */,
			);
			path = "Create a SetTests";
			sourceTree = "<group>";
		};
		F0599B2921212D860032D1D7 /* Create a SetUITests */ = {
			isa = PBXGroup;
			children = (
				F0599B2A21212D860032D1D7 /* Create_a_SetUITests.swift */,
				F0599B2C21212D860032D1D7 /* Info.plist */,
			);
			path = "Create a SetUITests";
			sourceTree = "<group>";
		};
/* End PBXGroup section */

/* Begin PBXNativeTarget section */
		F0599B0621212D840032D1D7 /* Create a Set */ = {
			isa = PBXNativeTarget;
			buildConfigurationList = F0599B2F21212D860032D1D7 /* Build configuration list for PBXNativeTarget "Create a Set" */;
			buildPhases = (
				F0599B0321212D840032D1D7 /* Sources */,
				F0599B0421212D840032D1D7 /* Frameworks */,
				F0599B0521212D840032D1D7 /* Resources */,
			);
			buildRules = (
			);
			dependencies = (
			);
			name = "Create a Set";
			productName = "Create a Set";
			productReference = F0599B0721212D840032D1D7 /* Create a Set.app */;
			productType = "com.apple.product-type.application";
		};
		F0599B1A21212D860032D1D7 /* Create a SetTests */ = {
			isa = PBXNativeTarget;
			buildConfigurationList = F0599B3221212D860032D1D7 /* Build configuration list for PBXNativeTarget "Create a SetTests" */;
			buildPhases = (
				F0599B1721212D860032D1D7 /* Sources */,
				F0599B1821212D860032D1D7 /* Frameworks */,
				F0599B1921212D860032D1D7 /* Resources */,
			);
			buildRules = (
			);
			dependencies = (
				F0599B1D21212D860032D1D7 /* PBXTargetDependency */,
			);
			name = "Create a SetTests";
			productName = "Create a SetTests";
			productReference = F0599B1B21212D860032D1D7 /* Create a SetTests.xctest */;
			productType = "com.apple.product-type.bundle.unit-test";
		};
		F0599B2521212D860032D1D7 /* Create a SetUITests */ = {
			isa = PBXNativeTarget;
			buildConfigurationList = F0599B3521212D860032D1D7 /* Build configuration list for PBXNativeTarget "Create a SetUITests" */;
			buildPhases = (
				F0599B2221212D860032D1D7 /* Sources */,
				F0599B2321212D860032D1D7 /* Frameworks */,
				F0599B2421212D860032D1D7 /* Resources */,
			);
			buildRules = (
			);
			dependencies = (
				F0599B2821212D860032D1D7 /* PBXTargetDependency */,
			);
			name = "Create a SetUITests";
			productName = "Create a SetUITests";
			productReference = F0599B2621212D860032D1D7 /* Create a SetUITests.xctest */;
			productType = "com.apple.product-type.bundle.ui-testing";
		};
/* End PBXNativeTarget section */

/* Begin PBXProject section */
		F0599AFF21212D840032D1D7 /* Project object */ = {
			isa = PBXProject;
			attributes = {
				LastSwiftUpdateCheck = 0940;
				LastUpgradeCheck = 0940;
				ORGANIZATIONNAME = "黄子汕";
				TargetAttributes = {
					F0599B0621212D840032D1D7 = {
						CreatedOnToolsVersion = 9.4.1;
					};
					F0599B1A21212D860032D1D7 = {
						CreatedOnToolsVersion = 9.4.1;
						TestTargetID = F0599B0621212D840032D1D7;
					};
					F0599B2521212D860032D1D7 = {
						CreatedOnToolsVersion = 9.4.1;
						TestTargetID = F0599B0621212D840032D1D7;
					};
				};
			};
			buildConfigurationList = F0599B0221212D840032D1D7 /* Build configuration list for PBXProject "Create a Set" */;
			compatibilityVersion = "Xcode 9.3";
			developmentRegion = en;
			hasScannedForEncodings = 0;
			knownRegions = (
				en,
				Base,
			);
			mainGroup = F0599AFE21212D840032D1D7;
			productRefGroup = F0599B0821212D840032D1D7 /* Products */;
			projectDirPath = "";
			projectRoot = "";
			targets = (
				F0599B0621212D840032D1D7 /* Create a Set */,
				F0599B1A21212D860032D1D7 /* Create a SetTests */,
				F0599B2521212D860032D1D7 /* Create a SetUITests */,
			);
		};
/* End PBXProject section */

/* Begin PBXResourcesBuildPhase section */
		F0599B0521212D840032D1D7 /* Resources */ = {
			isa = PBXResourcesBuildPhase;
			buildActionMask = 2147483647;
			files = (
				F0599B1521212D860032D1D7 /* LaunchScreen.storyboard in Resources */,
				F0599B1221212D860032D1D7 /* Assets.xcassets in Resources */,
				F0599B1021212D840032D1D7 /* Main.storyboard in Resources */,
			);
			runOnlyForDeploymentPostprocessing = 0;
		};
		F0599B1921212D860032D1D7 /* Resources */ = {
			isa = PBXResourcesBuildPhase;
			buildActionMask = 2147483647;
			files = (
			);
			runOnlyForDeploymentPostprocessing = 0;
		};
		F0599B2421212D860032D1D7 /* Resources */ = {
			isa = PBXResourcesBuildPhase;
			buildActionMask = 2147483647;
			files = (
			);
			runOnlyForDeploymentPostprocessing = 0;
		};
/* End PBXResourcesBuildPhase section */

/* Begin PBXSourcesBuildPhase section */
		F0599B0321212D840032D1D7 /* Sources */ = {
			isa = PBXSourcesBuildPhase;
			buildActionMask = 2147483647;
			files = (
				F0599B0D21212D840032D1D7 /* ViewController.swift in Sources */,
				F0599B0B21212D840032D1D7 /* AppDelegate.swift in Sources */,
			);
			runOnlyForDeploymentPostprocessing = 0;
		};
		F0599B1721212D860032D1D7 /* Sources */ = {
			isa = PBXSourcesBuildPhase;
			buildActionMask = 2147483647;
			files = (
				F0599B2021212D860032D1D7 /* Create_a_SetTests.swift in Sources */,
			);
			runOnlyForDeploymentPostprocessing = 0;
		};
		F0599B2221212D860032D1D7 /* Sources */ = {
			isa = PBXSourcesBuildPhase;
			buildActionMask = 2147483647;
			files = (
				F0599B2B21212D860032D1D7 /* Create_a_SetUITests.swift in Sources */,
			);
			runOnlyForDeploymentPostprocessing = 0;
		};
/* End PBXSourcesBuildPhase section */

/* Begin PBXTargetDependency section */
		F0599B1D21212D860032D1D7 /* PBXTargetDependency */ = {
			isa = PBXTargetDependency;
			target = F0599B0621212D840032D1D7 /* Create a Set */;
			targetProxy = F0599B1C21212D860032D1D7 /* PBXContainerItemProxy */;
		};
		F0599B2821212D860032D1D7 /* PBXTargetDependency */ = {
			isa = PBXTargetDependency;
			target = F0599B0621212D840032D1D7 /* Create a Set */;
			targetProxy = F0599B2721212D860032D1D7 /* PBXContainerItemProxy */;
		};
/* End PBXTargetDependency section */

/* Begin PBXVariantGroup section */
		F0599B0E21212D840032D1D7 /* Main.storyboard */ = {
			isa = PBXVariantGroup;
			children = (
				F0599B0F21212D840032D1D7 /* Base */,
			);
			name = Main.storyboard;
			sourceTree = "<group>";
		};
		F0599B1321212D860032D1D7 /* LaunchScreen.storyboard */ = {
			isa = PBXVariantGroup;
			children = (
				F0599B1421212D860032D1D7 /* Base */,
			);
			name = LaunchScreen.storyboard;
			sourceTree = "<group>";
		};
/* End PBXVariantGroup section */

/* Begin XCBuildConfiguration section */
		F0599B2D21212D860032D1D7 /* Debug */ = {
			isa = XCBuildConfiguration;
			buildSettings = {
				ALWAYS_SEARCH_USER_PATHS = NO;
				CLANG_ANALYZER_NONNULL = YES;
				CLANG_ANALYZER_NUMBER_OBJECT_CONVERSION = YES_AGGRESSIVE;
				CLANG_CXX_LANGUAGE_STANDARD = "gnu++14";
				CLANG_CXX_LIBRARY = "libc++";
				CLANG_ENABLE_MODULES = YES;
				CLANG_ENABLE_OBJC_ARC = YES;
				CLANG_ENABLE_OBJC_WEAK = YES;
				CLANG_WARN_BLOCK_CAPTURE_AUTORELEASING = YES;
				CLANG_WARN_BOOL_CONVERSION = YES;
				CLANG_WARN_COMMA = YES;
				CLANG_WARN_CONSTANT_CONVERSION = YES;
				CLANG_WARN_DEPRECATED_OBJC_IMPLEMENTATIONS = YES;
				CLANG_WARN_DIRECT_OBJC_ISA_USAGE = YES_ERROR;
				CLANG_WARN_DOCUMENTATION_COMMENTS = YES;
				CLANG_WARN_EMPTY_BODY = YES;
				CLANG_WARN_ENUM_CONVERSION = YES;
				CLANG_WARN_INFINITE_RECURSION = YES;
				CLANG_WARN_INT_CONVERSION = YES;
				CLANG_WARN_NON_LITERAL_NULL_CONVERSION = YES;
				CLANG_WARN_OBJC_IMPLICIT_RETAIN_SELF = YES;
				CLANG_WARN_OBJC_LITERAL_CONVERSION = YES;
				CLANG_WARN_OBJC_ROOT_CLASS = YES_ERROR;
				CLANG_WARN_RANGE_LOOP_ANALYSIS = YES;
				CLANG_WARN_STRICT_PROTOTYPES = YES;
				CLANG_WARN_SUSPICIOUS_MOVE = YES;
				CLANG_WARN_UNGUARDED_AVAILABILITY = YES_AGGRESSIVE;
				CLANG_WARN_UNREACHABLE_CODE = YES;
				CLANG_WARN__DUPLICATE_METHOD_MATCH = YES;
				CODE_SIGN_IDENTITY = "iPhone Developer";
				COPY_PHASE_STRIP = NO;
				DEBUG_INFORMATION_FORMAT = dwarf;
				ENABLE_STRICT_OBJC_MSGSEND = YES;
				ENABLE_TESTABILITY = YES;
				GCC_C_LANGUAGE_STANDARD = gnu11;
				GCC_DYNAMIC_NO_PIC = NO;
				GCC_NO_COMMON_BLOCKS = YES;
				GCC_OPTIMIZATION_LEVEL = 0;
				GCC_PREPROCESSOR_DEFINITIONS = (
					"DEBUG=1",
					"$(inherited)",
				);
				GCC_WARN_64_TO_32_BIT_CONVERSION = YES;
				GCC_WARN_ABOUT_RETURN_TYPE = YES_ERROR;
				GCC_WARN_UNDECLARED_SELECTOR = YES;
				GCC_WARN_UNINITIALIZED_AUTOS = YES_AGGRESSIVE;
				GCC_WARN_UNUSED_FUNCTION = YES;
				GCC_WARN_UNUSED_VARIABLE = YES;
				IPHONEOS_DEPLOYMENT_TARGET = 11.4;
				MTL_ENABLE_DEBUG_INFO = YES;
				ONLY_ACTIVE_ARCH = YES;
				SDKROOT = iphoneos;
				SWIFT_ACTIVE_COMPILATION_CONDITIONS = DEBUG;
				SWIFT_OPTIMIZATION_LEVEL = "-Onone";
			};
			name = Debug;
		};
		F0599B2E21212D860032D1D7 /* Release */ = {
			isa = XCBuildConfiguration;
			buildSettings = {
				ALWAYS_SEARCH_USER_PATHS = NO;
				CLANG_ANALYZER_NONNULL = YES;
				CLANG_ANALYZER_NUMBER_OBJECT_CONVERSION = YES_AGGRESSIVE;
				CLANG_CXX_LANGUAGE_STANDARD = "gnu++14";
				CLANG_CXX_LIBRARY = "libc++";
				CLANG_ENABLE_MODULES = YES;
				CLANG_ENABLE_OBJC_ARC = YES;
				CLANG_ENABLE_OBJC_WEAK = YES;
				CLANG_WARN_BLOCK_CAPTURE_AUTORELEASING = YES;
				CLANG_WARN_BOOL_CONVERSION = YES;
				CLANG_WARN_COMMA = YES;
				CLANG_WARN_CONSTANT_CONVERSION = YES;
				CLANG_WARN_DEPRECATED_OBJC_IMPLEMENTATIONS = YES;
				CLANG_WARN_DIRECT_OBJC_ISA_USAGE = YES_ERROR;
				CLANG_WARN_DOCUMENTATION_COMMENTS = YES;
				CLANG_WARN_EMPTY_BODY = YES;
				CLANG_WARN_ENUM_CONVERSION = YES;
				CLANG_WARN_INFINITE_RECURSION = YES;
				CLANG_WARN_INT_CONVERSION = YES;
				CLANG_WARN_NON_LITERAL_NULL_CONVERSION = YES;
				CLANG_WARN_OBJC_IMPLICIT_RETAIN_SELF = YES;
				CLANG_WARN_OBJC_LITERAL_CONVERSION = YES;
				CLANG_WARN_OBJC_ROOT_CLASS = YES_ERROR;
				CLANG_WARN_RANGE_LOOP_ANALYSIS = YES;
				CLANG_WARN_STRICT_PROTOTYPES = YES;
				CLANG_WARN_SUSPICIOUS_MOVE = YES;
				CLANG_WARN_UNGUARDED_AVAILABILITY = YES_AGGRESSIVE;
				CLANG_WARN_UNREACHABLE_CODE = YES;
				CLANG_WARN__DUPLICATE_METHOD_MATCH = YES;
				CODE_SIGN_IDENTITY = "iPhone Developer";
				COPY_PHASE_STRIP = NO;
				DEBUG_INFORMATION_FORMAT = "dwarf-with-dsym";
				ENABLE_NS_ASSERTIONS = NO;
				ENABLE_STRICT_OBJC_MSGSEND = YES;
				GCC_C_LANGUAGE_STANDARD = gnu11;
				GCC_NO_COMMON_BLOCKS = YES;
				GCC_WARN_64_TO_32_BIT_CONVERSION = YES;
				GCC_WARN_ABOUT_RETURN_TYPE = YES_ERROR;
				GCC_WARN_UNDECLARED_SELECTOR = YES;
				GCC_WARN_UNINITIALIZED_AUTOS = YES_AGGRESSIVE;
				GCC_WARN_UNUSED_FUNCTION = YES;
				GCC_WARN_UNUSED_VARIABLE = YES;
				IPHONEOS_DEPLOYMENT_TARGET = 11.4;
				MTL_ENABLE_DEBUG_INFO = NO;
				SDKROOT = iphoneos;
				SWIFT_COMPILATION_MODE = wholemodule;
				SWIFT_OPTIMIZATION_LEVEL = "-O";
				VALIDATE_PRODUCT = YES;
			};
			name = Release;
		};
		F0599B3021212D860032D1D7 /* Debug */ = {
			isa = XCBuildConfiguration;
			buildSettings = {
				ASSETCATALOG_COMPILER_APPICON_NAME = AppIcon;
				CODE_SIGN_STYLE = Automatic;
				DEVELOPMENT_TEAM = Z2NLJQ48DB;
				INFOPLIST_FILE = "Create a Set/Info.plist";
				LD_RUNPATH_SEARCH_PATHS = (
					"$(inherited)",
					"@executable_path/Frameworks",
				);
				PRODUCT_BUNDLE_IDENTIFIER = "com.HZSTest.www.Create-a-Set";
				PRODUCT_NAME = "$(TARGET_NAME)";
				SWIFT_VERSION = 4.0;
				TARGETED_DEVICE_FAMILY = "1,2";
			};
			name = Debug;
		};
		F0599B3121212D860032D1D7 /* Release */ = {
			isa = XCBuildConfiguration;
			buildSettings = {
				ASSETCATALOG_COMPILER_APPICON_NAME = AppIcon;
				CODE_SIGN_STYLE = Automatic;
				DEVELOPMENT_TEAM = Z2NLJQ48DB;
				INFOPLIST_FILE = "Create a Set/Info.plist";
				LD_RUNPATH_SEARCH_PATHS = (
					"$(inherited)",
					"@executable_path/Frameworks",
				);
				PRODUCT_BUNDLE_IDENTIFIER = "com.HZSTest.www.Create-a-Set";
				PRODUCT_NAME = "$(TARGET_NAME)";
				SWIFT_VERSION = 4.0;
				TARGETED_DEVICE_FAMILY = "1,2";
			};
			name = Release;
		};
		F0599B3321212D860032D1D7 /* Debug */ = {
			isa = XCBuildConfiguration;
			buildSettings = {
				ALWAYS_EMBED_SWIFT_STANDARD_LIBRARIES = YES;
				BUNDLE_LOADER = "$(TEST_HOST)";
				CODE_SIGN_STYLE = Automatic;
				INFOPLIST_FILE = "Create a SetTests/Info.plist";
				LD_RUNPATH_SEARCH_PATHS = (
					"$(inherited)",
					"@executable_path/Frameworks",
					"@loader_path/Frameworks",
				);
				PRODUCT_BUNDLE_IDENTIFIER = "com.HZSTest.www.Create-a-SetTests";
				PRODUCT_NAME = "$(TARGET_NAME)";
				SWIFT_VERSION = 4.0;
				TARGETED_DEVICE_FAMILY = "1,2";
				TEST_HOST = "$(BUILT_PRODUCTS_DIR)/Create a Set.app/Create a Set";
			};
			name = Debug;
		};
		F0599B3421212D860032D1D7 /* Release */ = {
			isa = XCBuildConfiguration;
			buildSettings = {
				ALWAYS_EMBED_SWIFT_STANDARD_LIBRARIES = YES;
				BUNDLE_LOADER = "$(TEST_HOST)";
				CODE_SIGN_STYLE = Automatic;
				INFOPLIST_FILE = "Create a SetTests/Info.plist";
				LD_RUNPATH_SEARCH_PATHS = (
					"$(inherited)",
					"@executable_path/Frameworks",
					"@loader_path/Frameworks",
				);
				PRODUCT_BUNDLE_IDENTIFIER = "com.HZSTest.www.Create-a-SetTests";
				PRODUCT_NAME = "$(TARGET_NAME)";
				SWIFT_VERSION = 4.0;
				TARGETED_DEVICE_FAMILY = "1,2";
				TEST_HOST = "$(BUILT_PRODUCTS_DIR)/Create a Set.app/Create a Set";
			};
			name = Release;
		};
		F0599B3621212D860032D1D7 /* Debug */ = {
			isa = XCBuildConfiguration;
			buildSettings = {
				ALWAYS_EMBED_SWIFT_STANDARD_LIBRARIES = YES;
				CODE_SIGN_STYLE = Automatic;
				INFOPLIST_FILE = "Create a SetUITests/Info.plist";
				LD_RUNPATH_SEARCH_PATHS = (
					"$(inherited)",
					"@executable_path/Frameworks",
					"@loader_path/Frameworks",
				);
				PRODUCT_BUNDLE_IDENTIFIER = "com.HZSTest.www.Create-a-SetUITests";
				PRODUCT_NAME = "$(TARGET_NAME)";
				SWIFT_VERSION = 4.0;
				TARGETED_DEVICE_FAMILY = "1,2";
				TEST_TARGET_NAME = "Create a Set";
			};
			name = Debug;
		};
		F0599B3721212D860032D1D7 /* Release */ = {
			isa = XCBuildConfiguration;
			buildSettings = {
				ALWAYS_EMBED_SWIFT_STANDARD_LIBRARIES = YES;
				CODE_SIGN_STYLE = Automatic;
				INFOPLIST_FILE = "Create a SetUITests/Info.plist";
				LD_RUNPATH_SEARCH_PATHS = (
					"$(inherited)",
					"@executable_path/Frameworks",
					"@loader_path/Frameworks",
				);
				PRODUCT_BUNDLE_IDENTIFIER = "com.HZSTest.www.Create-a-SetUITests";
				PRODUCT_NAME = "$(TARGET_NAME)";
				SWIFT_VERSION = 4.0;
				TARGETED_DEVICE_FAMILY = "1,2";
				TEST_TARGET_NAME = "Create a Set";
			};
			name = Release;
		};
/* End XCBuildConfiguration section */

/* Begin XCConfigurationList section */
		F0599B0221212D840032D1D7 /* Build configuration list for PBXProject "Create a Set" */ = {
			isa = XCConfigurationList;
			buildConfigurations = (
				F0599B2D21212D860032D1D7 /* Debug */,
				F0599B2E21212D860032D1D7 /* Release */,
			);
			defaultConfigurationIsVisible = 0;
			defaultConfigurationName = Release;
		};
		F0599B2F21212D860032D1D7 /* Build configuration list for PBXNativeTarget "Create a Set" */ = {
			isa = XCConfigurationList;
			buildConfigurations = (
				F0599B3021212D860032D1D7 /* Debug */,
				F0599B3121212D860032D1D7 /* Release */,
			);
			defaultConfigurationIsVisible = 0;
			defaultConfigurationName = Release;
		};
		F0599B3221212D860032D1D7 /* Build configuration list for PBXNativeTarget "Create a SetTests" */ = {
			isa = XCConfigurationList;
			buildConfigurations = (
				F0599B3321212D860032D1D7 /* Debug */,
				F0599B3421212D860032D1D7 /* Release */,
			);
			defaultConfigurationIsVisible = 0;
			defaultConfigurationName = Release;
		};
		F0599B3521212D860032D1D7 /* Build configuration list for PBXNativeTarget "Create a SetUITests" */ = {
			isa = XCConfigurationList;
			buildConfigurations = (
				F0599B3621212D860032D1D7 /* Debug */,
				F0599B3721212D860032D1D7 /* Release */,
			);
			defaultConfigurationIsVisible = 0;
			defaultConfigurationName = Release;
		};
/* End XCConfigurationList section */
	};
	rootObject = F0599AFF21212D840032D1D7 /* Project object */;
}
